
Microsoft Visual Studio Solution File, Format Version 12.00
# Visual Studio Version 16
VisualStudioVersion = 16.0.34031.81
MinimumVisualStudioVersion = 10.0.40219.1
Project("{FAE04EC0-301F-11D3-BF4B-00C04F79EFBC}") = "LCS-3K-Ejer07-Cgato", "LCS-3K-Ejer07-Cgato.csproj", "{7A4CE0EA-2441-47D1-98A5-8BC3DC921D25}"
EndProject
Global
	GlobalSection(SolutionConfigurationPlatforms) = preSolution
		Debug|Any CPU = Debug|Any CPU
		Release|Any CPU = Release|Any CPU
	EndGlobalSection
	GlobalSection(ProjectConfigurationPlatforms) = postSolution
		{7A4CE0EA-2441-47D1-98A5-8BC3DC921D25}.Debug|Any CPU.ActiveCfg = Debug|Any CPU
		{7A4CE0EA-2441-47D1-98A5-8BC3DC921D25}.Debug|Any CPU.Build.0 = Debug|Any CPU
		{7A4CE0EA-2441-47D1-98A5-8BC3DC921D25}.Release|Any CPU.ActiveCfg = Release|Any CPU
		{7A4CE0EA-2441-47D1-98A5-8BC3DC921D25}.Release|Any CPU.Build.0 = Release|Any CPU
	EndGlobalSection
	GlobalSection(SolutionProperties) = preSolution
		HideSolutionNode = FALSE
	EndGlobalSection
	GlobalSection(ExtensibilityGlobals) = postSolution
		SolutionGuid = {7611C142-6933-4747-BA19-0CDE57A8D338}
	EndGlobalSection
EndGlobal
